// !$*UTF8*$!
{
	archiveVersion = 1;
	classes = {
	};
	objectVersion = 50;
	objects = {

/* Begin PBXBuildFile section */
		7CE145D024630C7000393CC9 /* AppDelegate.swift in Sources */ = {isa = PBXBuildFile; fileRef = 7CE145CF24630C7000393CC9 /* AppDelegate.swift */; };
		7CE145D224630C7000393CC9 /* SceneDelegate.swift in Sources */ = {isa = PBXBuildFile; fileRef = 7CE145D124630C7000393CC9 /* SceneDelegate.swift */; };
		7CE145D424630C7000393CC9 /* ViewController.swift in Sources */ = {isa = PBXBuildFile; fileRef = 7CE145D324630C7000393CC9 /* ViewController.swift */; };
		7CE145D724630C7000393CC9 /* Main.storyboard in Resources */ = {isa = PBXBuildFile; fileRef = 7CE145D524630C7000393CC9 /* Main.storyboard */; };
		7CE145DA24630C7000393CC9 /* DoIt.xcdatamodeld in Sources */ = {isa = PBXBuildFile; fileRef = 7CE145D824630C7000393CC9 /* DoIt.xcdatamodeld */; };
		7CE145DC24630C7200393CC9 /* Assets.xcassets in Resources */ = {isa = PBXBuildFile; fileRef = 7CE145DB24630C7200393CC9 /* Assets.xcassets */; };
		7CE145DF24630C7200393CC9 /* LaunchScreen.storyboard in Resources */ = {isa = PBXBuildFile; fileRef = 7CE145DD24630C7200393CC9 /* LaunchScreen.storyboard */; };
		7CE145EA24630C7300393CC9 /* DoItTests.swift in Sources */ = {isa = PBXBuildFile; fileRef = 7CE145E924630C7300393CC9 /* DoItTests.swift */; };
		7CE145F524630C7300393CC9 /* DoItUITests.swift in Sources */ = {isa = PBXBuildFile; fileRef = 7CE145F424630C7300393CC9 /* DoItUITests.swift */; };
/* End PBXBuildFile section */

/* Begin PBXContainerItemProxy section */
		7CE145E624630C7200393CC9 /* PBXContainerItemProxy */ = {
			isa = PBXContainerItemProxy;
			containerPortal = 7CE145C424630C7000393CC9 /* Project object */;
			proxyType = 1;
			remoteGlobalIDString = 7CE145CB24630C7000393CC9;
			remoteInfo = DoIt;
		};
		7CE145F124630C7300393CC9 /* PBXContainerItemProxy */ = {
			isa = PBXContainerItemProxy;
			containerPortal = 7CE145C424630C7000393CC9 /* Project object */;
			proxyType = 1;
			remoteGlobalIDString = 7CE145CB24630C7000393CC9;
			remoteInfo = DoIt;
		};
/* End PBXContainerItemProxy section */

/* Begin PBXFileReference section */
		7CE145CC24630C7000393CC9 /* DoIt.app */ = {isa = PBXFileReference; explicitFileType = wrapper.application; includeInIndex = 0; path = DoIt.app; sourceTree = BUILT_PRODUCTS_DIR; };
		7CE145CF24630C7000393CC9 /* AppDelegate.swift */ = {isa = PBXFileReference; lastKnownFileType = sourcecode.swift; path = AppDelegate.swift; sourceTree = "<group>"; };
		7CE145D124630C7000393CC9 /* SceneDelegate.swift */ = {isa = PBXFileReference; lastKnownFileType = sourcecode.swift; path = SceneDelegate.swift; sourceTree = "<group>"; };
		7CE145D324630C7000393CC9 /* ViewController.swift */ = {isa = PBXFileReference; lastKnownFileType = sourcecode.swift; path = ViewController.swift; sourceTree = "<group>"; };
		7CE145D624630C7000393CC9 /* Base */ = {isa = PBXFileReference; lastKnownFileType = file.storyboard; name = Base; path = Base.lproj/Main.storyboard; sourceTree = "<group>"; };
		7CE145D924630C7000393CC9 /* DoIt.xcdatamodel */ = {isa = PBXFileReference; lastKnownFileType = wrapper.xcdatamodel; path = DoIt.xcdatamodel; sourceTree = "<group>"; };
		7CE145DB24630C7200393CC9 /* Assets.xcassets */ = {isa = PBXFileReference; lastKnownFileType = folder.assetcatalog; path = Assets.xcassets; sourceTree = "<group>"; };
		7CE145DE24630C7200393CC9 /* Base */ = {isa = PBXFileReference; lastKnownFileType = file.storyboard; name = Base; path = Base.lproj/LaunchScreen.storyboard; sourceTree = "<group>"; };
		7CE145E024630C7200393CC9 /* Info.plist */ = {isa = PBXFileReference; lastKnownFileType = text.plist.xml; path = Info.plist; sourceTree = "<group>"; };
		7CE145E524630C7200393CC9 /* DoItTests.xctest */ = {isa = PBXFileReference; explicitFileType = wrapper.cfbundle; includeInIndex = 0; path = DoItTests.xctest; sourceTree = BUILT_PRODUCTS_DIR; };
		7CE145E924630C7300393CC9 /* DoItTests.swift */ = {isa = PBXFileReference; lastKnownFileType = sourcecode.swift; path = DoItTests.swift; sourceTree = "<group>"; };
		7CE145EB24630C7300393CC9 /* Info.plist */ = {isa = PBXFileReference; lastKnownFileType = text.plist.xml; path = Info.plist; sourceTree = "<group>"; };
		7CE145F024630C7300393CC9 /* DoItUITests.xctest */ = {isa = PBXFileReference; explicitFileType = wrapper.cfbundle; includeInIndex = 0; path = DoItUITests.xctest; sourceTree = BUILT_PRODUCTS_DIR; };
		7CE145F424630C7300393CC9 /* DoItUITests.swift */ = {isa = PBXFileReference; lastKnownFileType = sourcecode.swift; path = DoItUITests.swift; sourceTree = "<group>"; };
		7CE145F624630C7300393CC9 /* Info.plist */ = {isa = PBXFileReference; lastKnownFileType = text.plist.xml; path = Info.plist; sourceTree = "<group>"; };
/* End PBXFileReference section */

/* Begin PBXFrameworksBuildPhase section */
		7CE145C924630C7000393CC9 /* Frameworks */ = {
			isa = PBXFrameworksBuildPhase;
			buildActionMask = 2147483647;
			files = (
			);
			runOnlyForDeploymentPostprocessing = 0;
		};
		7CE145E224630C7200393CC9 /* Frameworks */ = {
			isa = PBXFrameworksBuildPhase;
			buildActionMask = 2147483647;
			files = (
			);
			runOnlyForDeploymentPostprocessing = 0;
		};
		7CE145ED24630C7300393CC9 /* Frameworks */ = {
			isa = PBXFrameworksBuildPhase;
			buildActionMask = 2147483647;
			files = (
			);
			runOnlyForDeploymentPostprocessing = 0;
		};
/* End PBXFrameworksBuildPhase section */

/* Begin PBXGroup section */
		7CE145C324630C7000393CC9 = {
			isa = PBXGroup;
			children = (
				7CE145CE24630C7000393CC9 /* DoIt */,
				7CE145E824630C7300393CC9 /* DoItTests */,
				7CE145F324630C7300393CC9 /* DoItUITests */,
				7CE145CD24630C7000393CC9 /* Products */,
			);
			sourceTree = "<group>";
		};
		7CE145CD24630C7000393CC9 /* Products */ = {
			isa = PBXGroup;
			children = (
				7CE145CC24630C7000393CC9 /* DoIt.app */,
				7CE145E524630C7200393CC9 /* DoItTests.xctest */,
				7CE145F024630C7300393CC9 /* DoItUITests.xctest */,
			);
			name = Products;
			sourceTree = "<group>";
		};
		7CE145CE24630C7000393CC9 /* DoIt */ = {
			isa = PBXGroup;
			children = (
				7CE145CF24630C7000393CC9 /* AppDelegate.swift */,
				7CE145D124630C7000393CC9 /* SceneDelegate.swift */,
				7CE145D324630C7000393CC9 /* ViewController.swift */,
				7CE145D524630C7000393CC9 /* Main.storyboard */,
				7CE145DB24630C7200393CC9 /* Assets.xcassets */,
				7CE145DD24630C7200393CC9 /* LaunchScreen.storyboard */,
				7CE145E024630C7200393CC9 /* Info.plist */,
				7CE145D824630C7000393CC9 /* DoIt.xcdatamodeld */,
			);
			path = DoIt;
			sourceTree = "<group>";
		};
		7CE145E824630C7300393CC9 /* DoItTests */ = {
			isa = PBXGroup;
			children = (
				7CE145E924630C7300393CC9 /* DoItTests.swift */,
				7CE145EB24630C7300393CC9 /* Info.plist */,
			);
			path = DoItTests;
			sourceTree = "<group>";
		};
		7CE145F324630C7300393CC9 /* DoItUITests */ = {
			isa = PBXGroup;
			children = (
				7CE145F424630C7300393CC9 /* DoItUITests.swift */,
				7CE145F624630C7300393CC9 /* Info.plist */,
			);
			path = DoItUITests;
			sourceTree = "<group>";
		};
/* End PBXGroup section */

/* Begin PBXNativeTarget section */
		7CE145CB24630C7000393CC9 /* DoIt */ = {
			isa = PBXNativeTarget;
			buildConfigurationList = 7CE145F924630C7300393CC9 /* Build configuration list for PBXNativeTarget "DoIt" */;
			buildPhases = (
				7CE145C824630C7000393CC9 /* Sources */,
				7CE145C924630C7000393CC9 /* Frameworks */,
				7CE145CA24630C7000393CC9 /* Resources */,
			);
			buildRules = (
			);
			dependencies = (
			);
			name = DoIt;
			productName = DoIt;
			productReference = 7CE145CC24630C7000393CC9 /* DoIt.app */;
			productType = "com.apple.product-type.application";
		};
		7CE145E424630C7200393CC9 /* DoItTests */ = {
			isa = PBXNativeTarget;
			buildConfigurationList = 7CE145FC24630C7300393CC9 /* Build configuration list for PBXNativeTarget "DoItTests" */;
			buildPhases = (
				7CE145E124630C7200393CC9 /* Sources */,
				7CE145E224630C7200393CC9 /* Frameworks */,
				7CE145E324630C7200393CC9 /* Resources */,
			);
			buildRules = (
			);
			dependencies = (
				7CE145E724630C7200393CC9 /* PBXTargetDependency */,
			);
			name = DoItTests;
			productName = DoItTests;
			productReference = 7CE145E524630C7200393CC9 /* DoItTests.xctest */;
			productType = "com.apple.product-type.bundle.unit-test";
		};
		7CE145EF24630C7300393CC9 /* DoItUITests */ = {
			isa = PBXNativeTarget;
			buildConfigurationList = 7CE145FF24630C7300393CC9 /* Build configuration list for PBXNativeTarget "DoItUITests" */;
			buildPhases = (
				7CE145EC24630C7300393CC9 /* Sources */,
				7CE145ED24630C7300393CC9 /* Frameworks */,
				7CE145EE24630C7300393CC9 /* Resources */,
			);
			buildRules = (
			);
			dependencies = (
				7CE145F224630C7300393CC9 /* PBXTargetDependency */,
			);
			name = DoItUITests;
			productName = DoItUITests;
			productReference = 7CE145F024630C7300393CC9 /* DoItUITests.xctest */;
			productType = "com.apple.product-type.bundle.ui-testing";
		};
/* End PBXNativeTarget section */

/* Begin PBXProject section */
		7CE145C424630C7000393CC9 /* Project object */ = {
			isa = PBXProject;
			attributes = {
				LastSwiftUpdateCheck = 1130;
				LastUpgradeCheck = 1130;
				ORGANIZATIONNAME = coop;
				TargetAttributes = {
					7CE145CB24630C7000393CC9 = {
						CreatedOnToolsVersion = 11.3;
					};
					7CE145E424630C7200393CC9 = {
						CreatedOnToolsVersion = 11.3;
						TestTargetID = 7CE145CB24630C7000393CC9;
					};
					7CE145EF24630C7300393CC9 = {
						CreatedOnToolsVersion = 11.3;
						TestTargetID = 7CE145CB24630C7000393CC9;
					};
				};
			};
			buildConfigurationList = 7CE145C724630C7000393CC9 /* Build configuration list for PBXProject "DoIt" */;
			compatibilityVersion = "Xcode 9.3";
			developmentRegion = en;
			hasScannedForEncodings = 0;
			knownRegions = (
				en,
				Base,
			);
			mainGroup = 7CE145C324630C7000393CC9;
			productRefGroup = 7CE145CD24630C7000393CC9 /* Products */;
			projectDirPath = "";
			projectRoot = "";
			targets = (
				7CE145CB24630C7000393CC9 /* DoIt */,
				7CE145E424630C7200393CC9 /* DoItTests */,
				7CE145EF24630C7300393CC9 /* DoItUITests */,
			);
		};
/* End PBXProject section */

/* Begin PBXResourcesBuildPhase section */
		7CE145CA24630C7000393CC9 /* Resources */ = {
			isa = PBXResourcesBuildPhase;
			buildActionMask = 2147483647;
			files = (
				7CE145DF24630C7200393CC9 /* LaunchScreen.storyboard in Resources */,
				7CE145DC24630C7200393CC9 /* Assets.xcassets in Resources */,
				7CE145D724630C7000393CC9 /* Main.storyboard in Resources */,
			);
			runOnlyForDeploymentPostprocessing = 0;
		};
		7CE145E324630C7200393CC9 /* Resources */ = {
			isa = PBXResourcesBuildPhase;
			buildActionMask = 2147483647;
			files = (
			);
			runOnlyForDeploymentPostprocessing = 0;
		};
		7CE145EE24630C7300393CC9 /* Resources */ = {
			isa = PBXResourcesBuildPhase;
			buildActionMask = 2147483647;
			files = (
			);
			runOnlyForDeploymentPostprocessing = 0;
		};
/* End PBXResourcesBuildPhase section */

/* Begin PBXSourcesBuildPhase section */
		7CE145C824630C7000393CC9 /* Sources */ = {
			isa = PBXSourcesBuildPhase;
			buildActionMask = 2147483647;
			files = (
				7CE145D424630C7000393CC9 /* ViewController.swift in Sources */,
				7CE145DA24630C7000393CC9 /* DoIt.xcdatamodeld in Sources */,
				7CE145D024630C7000393CC9 /* AppDelegate.swift in Sources */,
				7CE145D224630C7000393CC9 /* SceneDelegate.swift in Sources */,
			);
			runOnlyForDeploymentPostprocessing = 0;
		};
		7CE145E124630C7200393CC9 /* Sources */ = {
			isa = PBXSourcesBuildPhase;
			buildActionMask = 2147483647;
			files = (
				7CE145EA24630C7300393CC9 /* DoItTests.swift in Sources */,
			);
			runOnlyForDeploymentPostprocessing = 0;
		};
		7CE145EC24630C7300393CC9 /* Sources */ = {
			isa = PBXSourcesBuildPhase;
			buildActionMask = 2147483647;
			files = (
				7CE145F524630C7300393CC9 /* DoItUITests.swift in Sources */,
			);
			runOnlyForDeploymentPostprocessing = 0;
		};
/* End PBXSourcesBuildPhase section */

/* Begin PBXTargetDependency section */
		7CE145E724630C7200393CC9 /* PBXTargetDependency */ = {
			isa = PBXTargetDependency;
			target = 7CE145CB24630C7000393CC9 /* DoIt */;
			targetProxy = 7CE145E624630C7200393CC9 /* PBXContainerItemProxy */;
		};
		7CE145F224630C7300393CC9 /* PBXTargetDependency */ = {
			isa = PBXTargetDependency;
			target = 7CE145CB24630C7000393CC9 /* DoIt */;
			targetProxy = 7CE145F124630C7300393CC9 /* PBXContainerItemProxy */;
		};
/* End PBXTargetDependency section */

/* Begin PBXVariantGroup section */
		7CE145D524630C7000393CC9 /* Main.storyboard */ = {
			isa = PBXVariantGroup;
			children = (
				7CE145D624630C7000393CC9 /* Base */,
			);
			name = Main.storyboard;
			sourceTree = "<group>";
		};
		7CE145DD24630C7200393CC9 /* LaunchScreen.storyboard */ = {
			isa = PBXVariantGroup;
			children = (
				7CE145DE24630C7200393CC9 /* Base */,
			);
			name = LaunchScreen.storyboard;
			sourceTree = "<group>";
		};
/* End PBXVariantGroup section */

/* Begin XCBuildConfiguration section */
		7CE145F724630C7300393CC9 /* Debug */ = {
			isa = XCBuildConfiguration;
			buildSettings = {
				ALWAYS_SEARCH_USER_PATHS = NO;
				CLANG_ANALYZER_NONNULL = YES;
				CLANG_ANALYZER_NUMBER_OBJECT_CONVERSION = YES_AGGRESSIVE;
				CLANG_CXX_LANGUAGE_STANDARD = "gnu++14";
				CLANG_CXX_LIBRARY = "libc++";
				CLANG_ENABLE_MODULES = YES;
				CLANG_ENABLE_OBJC_ARC = YES;
				CLANG_ENABLE_OBJC_WEAK = YES;
				CLANG_WARN_BLOCK_CAPTURE_AUTORELEASING = YES;
				CLANG_WARN_BOOL_CONVERSION = YES;
				CLANG_WARN_COMMA = YES;
				CLANG_WARN_CONSTANT_CONVERSION = YES;
				CLANG_WARN_DEPRECATED_OBJC_IMPLEMENTATIONS = YES;
				CLANG_WARN_DIRECT_OBJC_ISA_USAGE = YES_ERROR;
				CLANG_WARN_DOCUMENTATION_COMMENTS = YES;
				CLANG_WARN_EMPTY_BODY = YES;
				CLANG_WARN_ENUM_CONVERSION = YES;
				CLANG_WARN_INFINITE_RECURSION = YES;
				CLANG_WARN_INT_CONVERSION = YES;
				CLANG_WARN_NON_LITERAL_NULL_CONVERSION = YES;
				CLANG_WARN_OBJC_IMPLICIT_RETAIN_SELF = YES;
				CLANG_WARN_OBJC_LITERAL_CONVERSION = YES;
				CLANG_WARN_OBJC_ROOT_CLASS = YES_ERROR;
				CLANG_WARN_RANGE_LOOP_ANALYSIS = YES;
				CLANG_WARN_STRICT_PROTOTYPES = YES;
				CLANG_WARN_SUSPICIOUS_MOVE = YES;
				CLANG_WARN_UNGUARDED_AVAILABILITY = YES_AGGRESSIVE;
				CLANG_WARN_UNREACHABLE_CODE = YES;
				CLANG_WARN__DUPLICATE_METHOD_MATCH = YES;
				COPY_PHASE_STRIP = NO;
				DEBUG_INFORMATION_FORMAT = dwarf;
				ENABLE_STRICT_OBJC_MSGSEND = YES;
				ENABLE_TESTABILITY = YES;
				GCC_C_LANGUAGE_STANDARD = gnu11;
				GCC_DYNAMIC_NO_PIC = NO;
				GCC_NO_COMMON_BLOCKS = YES;
				GCC_OPTIMIZATION_LEVEL = 0;
				GCC_PREPROCESSOR_DEFINITIONS = (
					"DEBUG=1",
					"$(inherited)",
				);
				GCC_WARN_64_TO_32_BIT_CONVERSION = YES;
				GCC_WARN_ABOUT_RETURN_TYPE = YES_ERROR;
				GCC_WARN_UNDECLARED_SELECTOR = YES;
				GCC_WARN_UNINITIALIZED_AUTOS = YES_AGGRESSIVE;
				GCC_WARN_UNUSED_FUNCTION = YES;
				GCC_WARN_UNUSED_VARIABLE = YES;
				IPHONEOS_DEPLOYMENT_TARGET = 13.2;
				MTL_ENABLE_DEBUG_INFO = INCLUDE_SOURCE;
				MTL_FAST_MATH = YES;
				ONLY_ACTIVE_ARCH = YES;
				SDKROOT = iphoneos;
				SWIFT_ACTIVE_COMPILATION_CONDITIONS = DEBUG;
				SWIFT_OPTIMIZATION_LEVEL = "-Onone";
			};
			name = Debug;
		};
		7CE145F824630C7300393CC9 /* Release */ = {
			isa = XCBuildConfiguration;
			buildSettings = {
				ALWAYS_SEARCH_USER_PATHS = NO;
				CLANG_ANALYZER_NONNULL = YES;
				CLANG_ANALYZER_NUMBER_OBJECT_CONVERSION = YES_AGGRESSIVE;
				CLANG_CXX_LANGUAGE_STANDARD = "gnu++14";
				CLANG_CXX_LIBRARY = "libc++";
				CLANG_ENABLE_MODULES = YES;
				CLANG_ENABLE_OBJC_ARC = YES;
				CLANG_ENABLE_OBJC_WEAK = YES;
				CLANG_WARN_BLOCK_CAPTURE_AUTORELEASING = YES;
				CLANG_WARN_BOOL_CONVERSION = YES;
				CLANG_WARN_COMMA = YES;
				CLANG_WARN_CONSTANT_CONVERSION = YES;
				CLANG_WARN_DEPRECATED_OBJC_IMPLEMENTATIONS = YES;
				CLANG_WARN_DIRECT_OBJC_ISA_USAGE = YES_ERROR;
				CLANG_WARN_DOCUMENTATION_COMMENTS = YES;
				CLANG_WARN_EMPTY_BODY = YES;
				CLANG_WARN_ENUM_CONVERSION = YES;
				CLANG_WARN_INFINITE_RECURSION = YES;
				CLANG_WARN_INT_CONVERSION = YES;
				CLANG_WARN_NON_LITERAL_NULL_CONVERSION = YES;
				CLANG_WARN_OBJC_IMPLICIT_RETAIN_SELF = YES;
				CLANG_WARN_OBJC_LITERAL_CONVERSION = YES;
				CLANG_WARN_OBJC_ROOT_CLASS = YES_ERROR;
				CLANG_WARN_RANGE_LOOP_ANALYSIS = YES;
				CLANG_WARN_STRICT_PROTOTYPES = YES;
				CLANG_WARN_SUSPICIOUS_MOVE = YES;
				CLANG_WARN_UNGUARDED_AVAILABILITY = YES_AGGRESSIVE;
				CLANG_WARN_UNREACHABLE_CODE = YES;
				CLANG_WARN__DUPLICATE_METHOD_MATCH = YES;
				COPY_PHASE_STRIP = NO;
				DEBUG_INFORMATION_FORMAT = "dwarf-with-dsym";
				ENABLE_NS_ASSERTIONS = NO;
				ENABLE_STRICT_OBJC_MSGSEND = YES;
				GCC_C_LANGUAGE_STANDARD = gnu11;
				GCC_NO_COMMON_BLOCKS = YES;
				GCC_WARN_64_TO_32_BIT_CONVERSION = YES;
				GCC_WARN_ABOUT_RETURN_TYPE = YES_ERROR;
				GCC_WARN_UNDECLARED_SELECTOR = YES;
				GCC_WARN_UNINITIALIZED_AUTOS = YES_AGGRESSIVE;
				GCC_WARN_UNUSED_FUNCTION = YES;
				GCC_WARN_UNUSED_VARIABLE = YES;
				IPHONEOS_DEPLOYMENT_TARGET = 13.2;
				MTL_ENABLE_DEBUG_INFO = NO;
				MTL_FAST_MATH = YES;
				SDKROOT = iphoneos;
				SWIFT_COMPILATION_MODE = wholemodule;
				SWIFT_OPTIMIZATION_LEVEL = "-O";
				VALIDATE_PRODUCT = YES;
			};
			name = Release;
		};
		7CE145FA24630C7300393CC9 /* Debug */ = {
			isa = XCBuildConfiguration;
			buildSettings = {
				ASSETCATALOG_COMPILER_APPICON_NAME = AppIcon;
				CODE_SIGN_STYLE = Automatic;
				INFOPLIST_FILE = DoIt/Info.plist;
				LD_RUNPATH_SEARCH_PATHS = (
					"$(inherited)",
					"@executable_path/Frameworks",
				);
				PRODUCT_BUNDLE_IDENTIFIER = personal.DoIt;
				PRODUCT_NAME = "$(TARGET_NAME)";
				SWIFT_VERSION = 5.0;
				TARGETED_DEVICE_FAMILY = "1,2";
			};
			name = Debug;
		};
		7CE145FB24630C7300393CC9 /* Release */ = {
			isa = XCBuildConfiguration;
			buildSettings = {
				ASSETCATALOG_COMPILER_APPICON_NAME = AppIcon;
				CODE_SIGN_STYLE = Automatic;
				INFOPLIST_FILE = DoIt/Info.plist;
				LD_RUNPATH_SEARCH_PATHS = (
					"$(inherited)",
					"@executable_path/Frameworks",
				);
				PRODUCT_BUNDLE_IDENTIFIER = personal.DoIt;
				PRODUCT_NAME = "$(TARGET_NAME)";
				SWIFT_VERSION = 5.0;
				TARGETED_DEVICE_FAMILY = "1,2";
			};
			name = Release;
		};
		7CE145FD24630C7300393CC9 /* Debug */ = {
			isa = XCBuildConfiguration;
			buildSettings = {
				ALWAYS_EMBED_SWIFT_STANDARD_LIBRARIES = YES;
				BUNDLE_LOADER = "$(TEST_HOST)";
				CODE_SIGN_STYLE = Automatic;
				INFOPLIST_FILE = DoItTests/Info.plist;
				IPHONEOS_DEPLOYMENT_TARGET = 13.2;
				LD_RUNPATH_SEARCH_PATHS = (
					"$(inherited)",
					"@executable_path/Frameworks",
					"@loader_path/Frameworks",
				);
				PRODUCT_BUNDLE_IDENTIFIER = personal.DoItTests;
				PRODUCT_NAME = "$(TARGET_NAME)";
				SWIFT_VERSION = 5.0;
				TARGETED_DEVICE_FAMILY = "1,2";
				TEST_HOST = "$(BUILT_PRODUCTS_DIR)/DoIt.app/DoIt";
			};
			name = Debug;
		};
		7CE145FE24630C7300393CC9 /* Release */ = {
			isa = XCBuildConfiguration;
			buildSettings = {
				ALWAYS_EMBED_SWIFT_STANDARD_LIBRARIES = YES;
				BUNDLE_LOADER = "$(TEST_HOST)";
				CODE_SIGN_STYLE = Automatic;
				INFOPLIST_FILE = DoItTests/Info.plist;
				IPHONEOS_DEPLOYMENT_TARGET = 13.2;
				LD_RUNPATH_SEARCH_PATHS = (
					"$(inherited)",
					"@executable_path/Frameworks",
					"@loader_path/Frameworks",
				);
				PRODUCT_BUNDLE_IDENTIFIER = personal.DoItTests;
				PRODUCT_NAME = "$(TARGET_NAME)";
				SWIFT_VERSION = 5.0;
				TARGETED_DEVICE_FAMILY = "1,2";
				TEST_HOST = "$(BUILT_PRODUCTS_DIR)/DoIt.app/DoIt";
			};
			name = Release;
		};
		7CE1460024630C7300393CC9 /* Debug */ = {
			isa = XCBuildConfiguration;
			buildSettings = {
				ALWAYS_EMBED_SWIFT_STANDARD_LIBRARIES = YES;
				CODE_SIGN_STYLE = Automatic;
				INFOPLIST_FILE = DoItUITests/Info.plist;
				LD_RUNPATH_SEARCH_PATHS = (
					"$(inherited)",
					"@executable_path/Frameworks",
					"@loader_path/Frameworks",
				);
				PRODUCT_BUNDLE_IDENTIFIER = personal.DoItUITests;
				PRODUCT_NAME = "$(TARGET_NAME)";
				SWIFT_VERSION = 5.0;
				TARGETED_DEVICE_FAMILY = "1,2";
				TEST_TARGET_NAME = DoIt;
			};
			name = Debug;
		};
		7CE1460124630C7300393CC9 /* Release */ = {
			isa = XCBuildConfiguration;
			buildSettings = {
				ALWAYS_EMBED_SWIFT_STANDARD_LIBRARIES = YES;
				CODE_SIGN_STYLE = Automatic;
				INFOPLIST_FILE = DoItUITests/Info.plist;
				LD_RUNPATH_SEARCH_PATHS = (
					"$(inherited)",
					"@executable_path/Frameworks",
					"@loader_path/Frameworks",
				);
				PRODUCT_BUNDLE_IDENTIFIER = personal.DoItUITests;
				PRODUCT_NAME = "$(TARGET_NAME)";
				SWIFT_VERSION = 5.0;
				TARGETED_DEVICE_FAMILY = "1,2";
				TEST_TARGET_NAME = DoIt;
			};
			name = Release;
		};
/* End XCBuildConfiguration section */

/* Begin XCConfigurationList section */
		7CE145C724630C7000393CC9 /* Build configuration list for PBXProject "DoIt" */ = {
			isa = XCConfigurationList;
			buildConfigurations = (
				7CE145F724630C7300393CC9 /* Debug */,
				7CE145F824630C7300393CC9 /* Release */,
			);
			defaultConfigurationIsVisible = 0;
			defaultConfigurationName = Release;
		};
		7CE145F924630C7300393CC9 /* Build configuration list for PBXNativeTarget "DoIt" */ = {
			isa = XCConfigurationList;
			buildConfigurations = (
				7CE145FA24630C7300393CC9 /* Debug */,
				7CE145FB24630C7300393CC9 /* Release */,
			);
			defaultConfigurationIsVisible = 0;
			defaultConfigurationName = Release;
		};
		7CE145FC24630C7300393CC9 /* Build configuration list for PBXNativeTarget "DoItTests" */ = {
			isa = XCConfigurationList;
			buildConfigurations = (
				7CE145FD24630C7300393CC9 /* Debug */,
				7CE145FE24630C7300393CC9 /* Release */,
			);
			defaultConfigurationIsVisible = 0;
			defaultConfigurationName = Release;
		};
		7CE145FF24630C7300393CC9 /* Build configuration list for PBXNativeTarget "DoItUITests" */ = {
			isa = XCConfigurationList;
			buildConfigurations = (
				7CE1460024630C7300393CC9 /* Debug */,
				7CE1460124630C7300393CC9 /* Release */,
			);
			defaultConfigurationIsVisible = 0;
			defaultConfigurationName = Release;
		};
/* End XCConfigurationList section */

/* Begin XCVersionGroup section */
		7CE145D824630C7000393CC9 /* DoIt.xcdatamodeld */ = {
			isa = XCVersionGroup;
			children = (
				7CE145D924630C7000393CC9 /* DoIt.xcdatamodel */,
			);
			currentVersion = 7CE145D924630C7000393CC9 /* DoIt.xcdatamodel */;
			path = DoIt.xcdatamodeld;
			sourceTree = "<group>";
			versionGroupType = wrapper.xcdatamodel;
		};
/* End XCVersionGroup section */
	};
	rootObject = 7CE145C424630C7000393CC9 /* Project object */;
}
